{
  "name": "site",
  "lockfileVersion": 3,
  "requires": true,
  "packages": {
    "": {
      "hasInstallScript": true,
      "dependencies": {
        "@cognipilot/rumoca": "file:vendor/npm/cognipilot-rumoca-0.10.0.tgz"
      }
    },
    "node_modules/@cognipilot/rumoca": {
      "version": "0.10.0",
      "resolved": "file:vendor/npm/cognipilot-rumoca-0.10.0.tgz",
      "integrity": "sha512-TR8SHNQCHtfzsadQbqxrQ7J2WtE0jPVwhhhR9DLZDJphkQ5eDcDB/urORvvlaxgqCK9B8DZEt1G5iSS8vGqifA==",
      "license": "Apache-2.0"
    }
  }
}
